{
  "name": "rockPaperScissors",
  "lockfileVersion": 3,
  "requires": true,
  "packages": {
    "": {
      "dependencies": {
        "footer-component-by-rajat-porwal": "^1.0.0"
      }
    },
    "node_modules/footer-component-by-rajat-porwal": {
      "version": "1.0.0",
      "resolved": "https://registry.npmjs.org/footer-component-by-rajat-porwal/-/footer-component-by-rajat-porwal-1.0.0.tgz",
      "integrity": "sha512-cqf/5CCHPuxCQJhzxQGZVc+4nA9UGGMVjrPiZ2sUIrGP4eHq+nwrepdYmNoye9sy1KGC+c1TbCjVuF7p1eVpDw==",
      "license": "MIT"
    }
  }
}
